
Microsoft Visual Studio Solution File, Format Version 12.00
# Visual Studio Version 17
VisualStudioVersion = 17.8.34511.84
MinimumVisualStudioVersion = 10.0.40219.1
Project("{FAE04EC0-301F-11D3-BF4B-00C04F79EFBC}") = "ChefManager.Server", "ChefManager.Server\ChefManager.Server.csproj", "{20127B6E-127D-4572-B563-F98ABA8FC9F6}"
EndProject
Project("{54A90642-561A-4BB1-A94E-469ADEE60C69}") = "chefmanager.client", "chefmanager.client\chefmanager.client.esproj", "{1318A016-AA69-4F98-AF6E-8FFD24760D4D}"
EndProject
Global
	GlobalSection(SolutionConfigurationPlatforms) = preSolution
		Debug|Any CPU = Debug|Any CPU
		Release|Any CPU = Release|Any CPU
	EndGlobalSection
	GlobalSection(ProjectConfigurationPlatforms) = postSolution
		{20127B6E-127D-4572-B563-F98ABA8FC9F6}.Debug|Any CPU.ActiveCfg = Debug|Any CPU
		{20127B6E-127D-4572-B563-F98ABA8FC9F6}.Debug|Any CPU.Build.0 = Debug|Any CPU
		{20127B6E-127D-4572-B563-F98ABA8FC9F6}.Release|Any CPU.ActiveCfg = Release|Any CPU
		{20127B6E-127D-4572-B563-F98ABA8FC9F6}.Release|Any CPU.Build.0 = Release|Any CPU
		{1318A016-AA69-4F98-AF6E-8FFD24760D4D}.Debug|Any CPU.ActiveCfg = Debug|Any CPU
		{1318A016-AA69-4F98-AF6E-8FFD24760D4D}.Debug|Any CPU.Build.0 = Debug|Any CPU
		{1318A016-AA69-4F98-AF6E-8FFD24760D4D}.Debug|Any CPU.Deploy.0 = Debug|Any CPU
		{1318A016-AA69-4F98-AF6E-8FFD24760D4D}.Release|Any CPU.ActiveCfg = Release|Any CPU
		{1318A016-AA69-4F98-AF6E-8FFD24760D4D}.Release|Any CPU.Build.0 = Release|Any CPU
		{1318A016-AA69-4F98-AF6E-8FFD24760D4D}.Release|Any CPU.Deploy.0 = Release|Any CPU
	EndGlobalSection
	GlobalSection(SolutionProperties) = preSolution
		HideSolutionNode = FALSE
	EndGlobalSection
	GlobalSection(ExtensibilityGlobals) = postSolution
		SolutionGuid = {184E1A92-19D4-4190-8C62-9DD40B4FF7D6}
	EndGlobalSection
EndGlobal
